
Microsoft Visual Studio Solution File, Format Version 12.00
# Visual Studio Version 16
VisualStudioVersion = 16.0.30406.217
MinimumVisualStudioVersion = 10.0.40219.1
Project("{9A19103F-16F7-4668-BE54-9A1E7A4F7556}") = "FHBank.API", "FHBank.API\FHBank.API.csproj", "{D06F7968-E42C-48CE-AC68-2B34CEA06A8C}"
EndProject
Project("{FAE04EC0-301F-11D3-BF4B-00C04F79EFBC}") = "FHBank.UnitTests", "FHBank.UnitTests\FHBank.UnitTests.csproj", "{985A73F3-233F-4A4B-B3B5-F14DFBD8AD0C}"
EndProject
Project("{FAE04EC0-301F-11D3-BF4B-00C04F79EFBC}") = "FHBank.Domain", "FHBank.Domain\FHBank.Domain.csproj", "{6AEA92A0-38E3-423F-8A7C-CAD5A0AA0C50}"
EndProject
Global
	GlobalSection(SolutionConfigurationPlatforms) = preSolution
		Debug|Any CPU = Debug|Any CPU
		Release|Any CPU = Release|Any CPU
	EndGlobalSection
	GlobalSection(ProjectConfigurationPlatforms) = postSolution
		{D06F7968-E42C-48CE-AC68-2B34CEA06A8C}.Debug|Any CPU.ActiveCfg = Debug|Any CPU
		{D06F7968-E42C-48CE-AC68-2B34CEA06A8C}.Debug|Any CPU.Build.0 = Debug|Any CPU
		{D06F7968-E42C-48CE-AC68-2B34CEA06A8C}.Release|Any CPU.ActiveCfg = Release|Any CPU
		{D06F7968-E42C-48CE-AC68-2B34CEA06A8C}.Release|Any CPU.Build.0 = Release|Any CPU
		{985A73F3-233F-4A4B-B3B5-F14DFBD8AD0C}.Debug|Any CPU.ActiveCfg = Debug|Any CPU
		{985A73F3-233F-4A4B-B3B5-F14DFBD8AD0C}.Debug|Any CPU.Build.0 = Debug|Any CPU
		{985A73F3-233F-4A4B-B3B5-F14DFBD8AD0C}.Release|Any CPU.ActiveCfg = Release|Any CPU
		{985A73F3-233F-4A4B-B3B5-F14DFBD8AD0C}.Release|Any CPU.Build.0 = Release|Any CPU
		{6AEA92A0-38E3-423F-8A7C-CAD5A0AA0C50}.Debug|Any CPU.ActiveCfg = Debug|Any CPU
		{6AEA92A0-38E3-423F-8A7C-CAD5A0AA0C50}.Debug|Any CPU.Build.0 = Debug|Any CPU
		{6AEA92A0-38E3-423F-8A7C-CAD5A0AA0C50}.Release|Any CPU.ActiveCfg = Release|Any CPU
		{6AEA92A0-38E3-423F-8A7C-CAD5A0AA0C50}.Release|Any CPU.Build.0 = Release|Any CPU
	EndGlobalSection
	GlobalSection(SolutionProperties) = preSolution
		HideSolutionNode = FALSE
	EndGlobalSection
	GlobalSection(ExtensibilityGlobals) = postSolution
		SolutionGuid = {26CA0249-8586-4F52-B083-49E054E72467}
	EndGlobalSection
EndGlobal
